
Microsoft Visual Studio Solution File, Format Version 12.00
# Visual Studio Version 17
VisualStudioVersion = 17.13.35931.197 d17.13
MinimumVisualStudioVersion = 10.0.40219.1
Project("{FAE04EC0-301F-11D3-BF4B-00C04F79EFBC}") = "Lista2Ex6", "Lista2Ex6\Lista2Ex6.csproj", "{B64BB771-EB10-4364-B07B-C34FAF9E70E4}"
EndProject
Global
	GlobalSection(SolutionConfigurationPlatforms) = preSolution
		Debug|Any CPU = Debug|Any CPU
		Release|Any CPU = Release|Any CPU
	EndGlobalSection
	GlobalSection(ProjectConfigurationPlatforms) = postSolution
		{B64BB771-EB10-4364-B07B-C34FAF9E70E4}.Debug|Any CPU.ActiveCfg = Debug|Any CPU
		{B64BB771-EB10-4364-B07B-C34FAF9E70E4}.Debug|Any CPU.Build.0 = Debug|Any CPU
		{B64BB771-EB10-4364-B07B-C34FAF9E70E4}.Release|Any CPU.ActiveCfg = Release|Any CPU
		{B64BB771-EB10-4364-B07B-C34FAF9E70E4}.Release|Any CPU.Build.0 = Release|Any CPU
	EndGlobalSection
	GlobalSection(SolutionProperties) = preSolution
		HideSolutionNode = FALSE
	EndGlobalSection
	GlobalSection(ExtensibilityGlobals) = postSolution
		SolutionGuid = {5ED9B3AF-0F7C-4F61-B399-FB241503092C}
	EndGlobalSection
EndGlobal
