
Microsoft Visual Studio Solution File, Format Version 12.00
# Visual Studio Version 17
VisualStudioVersion = 17.13.35931.197 d17.13
MinimumVisualStudioVersion = 10.0.40219.1
Project("{FAE04EC0-301F-11D3-BF4B-00C04F79EFBC}") = "Lista2Ex5", "Lista2Ex5\Lista2Ex5.csproj", "{03BC4F6E-CEA9-498A-A17C-ED1B00A89F26}"
EndProject
Global
	GlobalSection(SolutionConfigurationPlatforms) = preSolution
		Debug|Any CPU = Debug|Any CPU
		Release|Any CPU = Release|Any CPU
	EndGlobalSection
	GlobalSection(ProjectConfigurationPlatforms) = postSolution
		{03BC4F6E-CEA9-498A-A17C-ED1B00A89F26}.Debug|Any CPU.ActiveCfg = Debug|Any CPU
		{03BC4F6E-CEA9-498A-A17C-ED1B00A89F26}.Debug|Any CPU.Build.0 = Debug|Any CPU
		{03BC4F6E-CEA9-498A-A17C-ED1B00A89F26}.Release|Any CPU.ActiveCfg = Release|Any CPU
		{03BC4F6E-CEA9-498A-A17C-ED1B00A89F26}.Release|Any CPU.Build.0 = Release|Any CPU
	EndGlobalSection
	GlobalSection(SolutionProperties) = preSolution
		HideSolutionNode = FALSE
	EndGlobalSection
	GlobalSection(ExtensibilityGlobals) = postSolution
		SolutionGuid = {1BA8845E-E514-4C45-BD4B-4E2135993A86}
	EndGlobalSection
EndGlobal
