
Microsoft Visual Studio Solution File, Format Version 12.00
# Visual Studio Version 17
VisualStudioVersion = 17.13.35931.197 d17.13
MinimumVisualStudioVersion = 10.0.40219.1
Project("{FAE04EC0-301F-11D3-BF4B-00C04F79EFBC}") = "Lista2Ex9", "Lista2Ex9\Lista2Ex9.csproj", "{AA62DD79-7379-4BBB-BCD7-ADC26E55C4C9}"
EndProject
Global
	GlobalSection(SolutionConfigurationPlatforms) = preSolution
		Debug|Any CPU = Debug|Any CPU
		Release|Any CPU = Release|Any CPU
	EndGlobalSection
	GlobalSection(ProjectConfigurationPlatforms) = postSolution
		{AA62DD79-7379-4BBB-BCD7-ADC26E55C4C9}.Debug|Any CPU.ActiveCfg = Debug|Any CPU
		{AA62DD79-7379-4BBB-BCD7-ADC26E55C4C9}.Debug|Any CPU.Build.0 = Debug|Any CPU
		{AA62DD79-7379-4BBB-BCD7-ADC26E55C4C9}.Release|Any CPU.ActiveCfg = Release|Any CPU
		{AA62DD79-7379-4BBB-BCD7-ADC26E55C4C9}.Release|Any CPU.Build.0 = Release|Any CPU
	EndGlobalSection
	GlobalSection(SolutionProperties) = preSolution
		HideSolutionNode = FALSE
	EndGlobalSection
	GlobalSection(ExtensibilityGlobals) = postSolution
		SolutionGuid = {C7FDEB4D-0A99-4DCF-9B4B-493C5758D42F}
	EndGlobalSection
EndGlobal
